
Microsoft Visual Studio Solution File, Format Version 12.00
# Visual Studio Version 17
VisualStudioVersion = 17.4.33213.308
MinimumVisualStudioVersion = 10.0.40219.1
Project("{FAE04EC0-301F-11D3-BF4B-00C04F79EFBC}") = "RobOne.Inventory", "RobOne.Inventory.csproj", "{CF26D920-FFBF-48DD-BCC0-24EF50501E72}"
EndProject
Global
	GlobalSection(SolutionConfigurationPlatforms) = preSolution
		Debug|x64 = Debug|x64
		Release|x64 = Release|x64
	EndGlobalSection
	GlobalSection(ProjectConfigurationPlatforms) = postSolution
		{CF26D920-FFBF-48DD-BCC0-24EF50501E72}.Debug|x64.ActiveCfg = Debug|x64
		{CF26D920-FFBF-48DD-BCC0-24EF50501E72}.Debug|x64.Build.0 = Debug|x64
		{CF26D920-FFBF-48DD-BCC0-24EF50501E72}.Release|x64.ActiveCfg = Release|x64
		{CF26D920-FFBF-48DD-BCC0-24EF50501E72}.Release|x64.Build.0 = Release|x64
	EndGlobalSection
	GlobalSection(SolutionProperties) = preSolution
		HideSolutionNode = FALSE
	EndGlobalSection
	GlobalSection(ExtensibilityGlobals) = postSolution
		SolutionGuid = {0AEE0DF8-2575-4B02-B7A2-BB8A01228502}
	EndGlobalSection
EndGlobal
